
Microsoft Visual Studio Solution File, Format Version 12.00
# Visual Studio Version 17
VisualStudioVersion = 17.9.34728.123
MinimumVisualStudioVersion = 10.0.40219.1
Project("{FAE04EC0-301F-11D3-BF4B-00C04F79EFBC}") = "FireBaseApi", "FireBaseApi\FireBaseApi.csproj", "{C563A893-8057-4A02-9658-E7AE641E614C}"
EndProject
Project("{FAE04EC0-301F-11D3-BF4B-00C04F79EFBC}") = "FireBaseDomain", "FireBaseDomain\FireBaseDomain.csproj", "{C1C92117-BA9B-4265-9B16-C3D48BDBE231}"
EndProject
Project("{FAE04EC0-301F-11D3-BF4B-00C04F79EFBC}") = "FireBaseInfrastructure", "FireBaseInfrastructure\FireBaseInfrastructure.csproj", "{CF98D567-6A0D-462F-AB00-9351292341C9}"
EndProject
Global
	GlobalSection(SolutionConfigurationPlatforms) = preSolution
		Debug|Any CPU = Debug|Any CPU
		Release|Any CPU = Release|Any CPU
	EndGlobalSection
	GlobalSection(ProjectConfigurationPlatforms) = postSolution
		{C563A893-8057-4A02-9658-E7AE641E614C}.Debug|Any CPU.ActiveCfg = Debug|Any CPU
		{C563A893-8057-4A02-9658-E7AE641E614C}.Debug|Any CPU.Build.0 = Debug|Any CPU
		{C563A893-8057-4A02-9658-E7AE641E614C}.Release|Any CPU.ActiveCfg = Release|Any CPU
		{C563A893-8057-4A02-9658-E7AE641E614C}.Release|Any CPU.Build.0 = Release|Any CPU
		{C1C92117-BA9B-4265-9B16-C3D48BDBE231}.Debug|Any CPU.ActiveCfg = Debug|Any CPU
		{C1C92117-BA9B-4265-9B16-C3D48BDBE231}.Debug|Any CPU.Build.0 = Debug|Any CPU
		{C1C92117-BA9B-4265-9B16-C3D48BDBE231}.Release|Any CPU.ActiveCfg = Release|Any CPU
		{C1C92117-BA9B-4265-9B16-C3D48BDBE231}.Release|Any CPU.Build.0 = Release|Any CPU
		{CF98D567-6A0D-462F-AB00-9351292341C9}.Debug|Any CPU.ActiveCfg = Debug|Any CPU
		{CF98D567-6A0D-462F-AB00-9351292341C9}.Debug|Any CPU.Build.0 = Debug|Any CPU
		{CF98D567-6A0D-462F-AB00-9351292341C9}.Release|Any CPU.ActiveCfg = Release|Any CPU
		{CF98D567-6A0D-462F-AB00-9351292341C9}.Release|Any CPU.Build.0 = Release|Any CPU
	EndGlobalSection
	GlobalSection(SolutionProperties) = preSolution
		HideSolutionNode = FALSE
	EndGlobalSection
	GlobalSection(ExtensibilityGlobals) = postSolution
		SolutionGuid = {B51921DF-0A0D-4298-9CA8-722878BD278A}
	EndGlobalSection
EndGlobal
